{
  "name": "cross_asset_ems",
  "lockfileVersion": 3,
  "requires": true,
  "packages": {
    "": {
      "dependencies": {
        "dockview-core": "^6.6.1"
      }
    },
    "node_modules/dockview-core": {
      "version": "6.6.1",
      "resolved": "https://registry.npmjs.org/dockview-core/-/dockview-core-6.6.1.tgz",
      "integrity": "sha512-WuNoO2wl3rGI8MaTuvmfgViek4WafHLD9Kf//Hw69g8TgAHSpAWr6RW15kU6U9vwtQxIi/YBxQNcIA5RzQ46Fw==",
      "license": "MIT"
    }
  }
}
