# This file is automatically @generated by Cargo.
# It is not intended for manual editing.
version = 3

[[package]]
name = "ems-aaa"
version = "0.1.0"

[[package]]
name = "ems-core"
version = "0.1.0"

[[package]]
name = "ems-slice"
version = "0.1.0"
dependencies = [
 "ems-aaa",
 "ems-core",
 "ems-transport",
]

[[package]]
name = "ems-transport"
version = "0.1.0"
dependencies = [
 "ems-core",
]
